PODS:
  - Action (4.3.0):
    - RxCocoa (~> 6.0)
    - RxSwift (~> 6.0)
  - Alamofire (5.4.3)
  - Amplitude (8.3.0)
  - ASKSecp256k1 (0.0.6)
  - BECollectionView (0.1.0):
    - PureLayout
    - RxCocoa
  - BEPureLayout (0.3.0):
    - PureLayout
  - Charts (3.6.0):
    - Charts/Core (= 3.6.0)
  - Charts/Core (3.6.0)
  - CryptoSwift (1.4.0)
  - Ed25519HDKeySwift (1.2.0):
    - CryptoSwift
    - TweetNacl
  - Firebase/Analytics (8.0.0):
    - Firebase/Core
  - Firebase/Core (8.0.0):
    - Firebase/CoreOnly
    - FirebaseAnalytics (~> 8.0.0)
  - Firebase/CoreOnly (8.0.0):
    - FirebaseCore (= 8.0.0)
  - Firebase/Crashlytics (8.0.0):
    - Firebase/CoreOnly
    - FirebaseCrashlytics (~> 8.0.0)
  - FirebaseAnalytics (8.0.0):
    - FirebaseAnalytics/AdIdSupport (= 8.0.0)
    - FirebaseCore (~> 8.0)
    - FirebaseInstallations (~> 8.0)
    - GoogleUtilities/AppDelegateSwizzler (~> 7.4)
    - GoogleUtilities/MethodSwizzler (~> 7.4)
    - GoogleUtilities/Network (~> 7.4)
    - "GoogleUtilities/NSData+zlib (~> 7.4)"
    - nanopb (~> 2.30908.0)
  - FirebaseAnalytics/AdIdSupport (8.0.0):
    - FirebaseAnalytics/Base (= 8.0.0)
    - FirebaseCore (~> 8.0)
    - FirebaseInstallations (~> 8.0)
    - GoogleAppMeasurement (= 8.0.0)
    - GoogleUtilities/AppDelegateSwizzler (~> 7.4)
    - GoogleUtilities/MethodSwizzler (~> 7.4)
    - GoogleUtilities/Network (~> 7.4)
    - "GoogleUtilities/NSData+zlib (~> 7.4)"
    - nanopb (~> 2.30908.0)
  - FirebaseAnalytics/Base (8.0.0):
    - FirebaseCore (~> 8.0)
    - FirebaseInstallations (~> 8.0)
    - GoogleUtilities/AppDelegateSwizzler (~> 7.4)
    - GoogleUtilities/MethodSwizzler (~> 7.4)
    - GoogleUtilities/Network (~> 7.4)
    - "GoogleUtilities/NSData+zlib (~> 7.4)"
    - nanopb (~> 2.30908.0)
  - FirebaseCore (8.0.0):
    - FirebaseCoreDiagnostics (~> 8.0)
    - GoogleUtilities/Environment (~> 7.4)
    - GoogleUtilities/Logger (~> 7.4)
  - FirebaseCoreDiagnostics (8.0.0):
    - GoogleDataTransport (~> 9.0)
    - GoogleUtilities/Environment (~> 7.4)
    - GoogleUtilities/Logger (~> 7.4)
    - nanopb (~> 2.30908.0)
  - FirebaseCrashlytics (8.0.0):
    - FirebaseCore (~> 8.0)
    - FirebaseInstallations (~> 8.0)
    - GoogleDataTransport (~> 9.0)
    - nanopb (~> 2.30908.0)
    - PromisesObjC (~> 1.2)
  - FirebaseInstallations (8.0.0):
    - FirebaseCore (~> 8.0)
    - GoogleUtilities/Environment (~> 7.4)
    - GoogleUtilities/UserDefaults (~> 7.4)
    - PromisesObjC (~> 1.2)
  - GoogleAppMeasurement (8.0.0):
    - GoogleAppMeasurement/AdIdSupport (= 8.0.0)
    - GoogleUtilities/AppDelegateSwizzler (~> 7.4)
    - GoogleUtilities/MethodSwizzler (~> 7.4)
    - GoogleUtilities/Network (~> 7.4)
    - "GoogleUtilities/NSData+zlib (~> 7.4)"
    - nanopb (~> 2.30908.0)
  - GoogleAppMeasurement/AdIdSupport (8.0.0):
    - GoogleUtilities/AppDelegateSwizzler (~> 7.4)
    - GoogleUtilities/MethodSwizzler (~> 7.4)
    - GoogleUtilities/Network (~> 7.4)
    - "GoogleUtilities/NSData+zlib (~> 7.4)"
    - nanopb (~> 2.30908.0)
  - GoogleDataTransport (9.0.0):
    - GoogleUtilities/Environment (~> 7.2)
    - nanopb (~> 2.30908.0)
    - PromisesObjC (~> 1.2)
  - GoogleUtilities/AppDelegateSwizzler (7.4.1):
    - GoogleUtilities/Environment
    - GoogleUtilities/Logger
    - GoogleUtilities/Network
  - GoogleUtilities/Environment (7.4.1):
    - PromisesObjC (~> 1.2)
  - GoogleUtilities/Logger (7.4.1):
    - GoogleUtilities/Environment
  - GoogleUtilities/MethodSwizzler (7.4.1):
    - GoogleUtilities/Logger
  - GoogleUtilities/Network (7.4.1):
    - GoogleUtilities/Logger
    - "GoogleUtilities/NSData+zlib"
    - GoogleUtilities/Reachability
  - "GoogleUtilities/NSData+zlib (7.4.1)"
  - GoogleUtilities/Reachability (7.4.1):
    - GoogleUtilities/Logger
  - GoogleUtilities/UserDefaults (7.4.1):
    - GoogleUtilities/Logger
  - JazziconSwift (1.0.0)
  - KeychainSwift (19.0.0)
  - Kingfisher (6.3.0)
  - LazySubject (0.1.0):
    - RxCocoa
    - RxSwift
  - ListPlaceholder (1.5)
  - MBProgressHUD (1.2.0)
  - nanopb (2.30908.0):
    - nanopb/decode (= 2.30908.0)
    - nanopb/encode (= 2.30908.0)
  - nanopb/decode (2.30908.0)
  - nanopb/encode (2.30908.0)
  - PromisesObjC (1.2.12)
  - PureLayout (3.1.8)
  - RxAlamofire (6.1.1):
    - RxAlamofire/Core (= 6.1.1)
  - RxAlamofire/Core (6.1.1):
    - Alamofire (~> 5.4)
    - RxSwift (~> 6.0)
  - RxAppState (1.7.0):
    - RxCocoa (~> 6.0)
    - RxSwift (~> 6.0)
  - RxBiBinding (0.3.5):
    - RxCocoa (~> 6.0)
    - RxSwift (~> 6.0)
  - RxBlocking (6.2.0):
    - RxSwift (= 6.2.0)
  - RxCocoa (6.2.0):
    - RxRelay (= 6.2.0)
    - RxSwift (= 6.2.0)
  - RxRelay (6.2.0):
    - RxSwift (= 6.2.0)
  - RxSwift (6.2.0)
  - SolanaSwift (0.3.0):
    - ASKSecp256k1
    - Ed25519HDKeySwift
    - RxAlamofire
    - RxCocoa
    - Starscream
    - TweetNacl
  - Starscream (4.0.4)
  - SubviewAttachingTextView (1.5.0)
  - SwiftGen (6.4.0)
  - SwiftLint (0.43.1)
  - SwiftyUserDefaults (5.3.0)
  - TagListView (1.4.1)
  - THPinViewController (1.2.8)
  - TweetNacl (1.0.2)
  - "UITextView+Placeholder (1.4.0)"

DEPENDENCIES:
  - Action
  - Amplitude (~> 8.3.0)
  - BECollectionView (from `BECollectionView`)
  - BEPureLayout (from `BEPureLayout`)
  - Charts
  - Firebase/Analytics
  - Firebase/Crashlytics
  - JazziconSwift
  - KeychainSwift (~> 19.0)
  - Kingfisher
  - LazySubject (from `LazySubject`)
  - "ListPlaceholder (from `git@github.com:p2p-org/ListPlaceholder.git`, branch `custom_gradient_color`)"
  - MBProgressHUD (~> 1.2.0)
  - RxAppState
  - RxBiBinding
  - RxBlocking
  - RxCocoa
  - SolanaSwift (from `SolanaSwift`)
  - SubviewAttachingTextView
  - SwiftGen (~> 6.0)
  - SwiftLint
  - SwiftyUserDefaults (~> 5.0)
  - TagListView (~> 1.0)
  - THPinViewController (from `THPinViewController`)
  - "UITextView+Placeholder"

SPEC REPOS:
  trunk:
    - Action
    - Alamofire
    - Amplitude
    - ASKSecp256k1
    - Charts
    - CryptoSwift
    - Ed25519HDKeySwift
    - Firebase
    - FirebaseAnalytics
    - FirebaseCore
    - FirebaseCoreDiagnostics
    - FirebaseCrashlytics
    - FirebaseInstallations
    - GoogleAppMeasurement
    - GoogleDataTransport
    - GoogleUtilities
    - JazziconSwift
    - KeychainSwift
    - Kingfisher
    - MBProgressHUD
    - nanopb
    - PromisesObjC
    - PureLayout
    - RxAlamofire
    - RxAppState
    - RxBiBinding
    - RxBlocking
    - RxCocoa
    - RxRelay
    - RxSwift
    - Starscream
    - SubviewAttachingTextView
    - SwiftGen
    - SwiftLint
    - SwiftyUserDefaults
    - TagListView
    - TweetNacl
    - "UITextView+Placeholder"

EXTERNAL SOURCES:
  BECollectionView:
    :path: BECollectionView
  BEPureLayout:
    :path: BEPureLayout
  LazySubject:
    :path: LazySubject
  ListPlaceholder:
    :branch: custom_gradient_color
    :git: "git@github.com:p2p-org/ListPlaceholder.git"
  SolanaSwift:
    :path: SolanaSwift
  THPinViewController:
    :path: THPinViewController

CHECKOUT OPTIONS:
  ListPlaceholder:
    :commit: a729fd45aa22b9d087477d1ccedb9f4292762a58
    :git: "git@github.com:p2p-org/ListPlaceholder.git"

SPEC CHECKSUMS:
  Action: 9891cd1b0a9047557d7e58e8dfae743e19d08197
  Alamofire: e447a2774a40c996748296fa2c55112fdbbc42f9
  Amplitude: 5627b4574e36d789a75c1656ba39b3278edf1ade
  ASKSecp256k1: 58eb44dfa57f9d29ac0b02fe5de5a312064517f2
  BECollectionView: 9120725dd693271cef287447e3d1aa844f77535f
  BEPureLayout: ecb9d52780a665b9ea751b4e82f95df8dc2bc73b
  Charts: b1e3a1f5a1c9ba5394438ca3b91bd8c9076310af
  CryptoSwift: 7cc902df1784de3b389a387756c7d710f197730c
  Ed25519HDKeySwift: 68d37145dc6d58ff47033e273829f01648afce58
  Firebase: 73c3e3b216ec1ecbc54d2ffdd4670c65c749edb1
  FirebaseAnalytics: dcb92c7c9ef4fa7ffac276e8f87bd4fc8c97f1b8
  FirebaseCore: 3f09591d51292843e2a46f18358d60bf4e996255
  FirebaseCoreDiagnostics: a31d987ba0fe16d59886a5dbadc2f1de871f88c8
  FirebaseCrashlytics: 69cddb6bfa7656c5346e603bc85b029392252ee6
  FirebaseInstallations: c4aab1005d6547b00a7529777fe52f5d4d45165b
  GoogleAppMeasurement: c6bbc9753d046b5456dd4f940057fbad2c28419e
  GoogleDataTransport: 11e3a5f2c190327df1a4a5d7e7ae3d4d5b9c9e4c
  GoogleUtilities: f8a43108b38a68eebe8b3540e1f4f2d28843ce20
  JazziconSwift: 0e92431adad8e4d0a8dcb50fd82c414784c86afe
  KeychainSwift: a06190cf933ad46b1e0abc3d77d29c06331715c7
  Kingfisher: 6c3df386db71d82c0817a429d2c9421a77396529
  LazySubject: 9eb19a8524f377efd877f44d9f48c17be7962ebd
  ListPlaceholder: 2d7950014852ee5613d636cf14fd1bb93419e330
  MBProgressHUD: 3ee5efcc380f6a79a7cc9b363dd669c5e1ae7406
  nanopb: a0ba3315591a9ae0a16a309ee504766e90db0c96
  PromisesObjC: 3113f7f76903778cf4a0586bd1ab89329a0b7b97
  PureLayout: a4afb3d79dd958564ce33d22c89f407280d8e6a8
  RxAlamofire: beb75a1c452d0de225651db4903f5d29d034a620
  RxAppState: 20985b89f0b5d19aa67cf9b0ca38d07878e2fcae
  RxBiBinding: c4de0aad6ee668fa73ea6ba423bc0ab5d77b986b
  RxBlocking: 0b29f7d2079109a8de49c411381bed7c33ef1eeb
  RxCocoa: 4baf94bb35f2c0ab31bc0cb9f1900155f646ba42
  RxRelay: e72dbfd157807478401ef1982e1c61c945c94b2f
  RxSwift: d356ab7bee873611322f134c5f9ef379fa183d8f
  SolanaSwift: 755f1d53991aa601d574934db18735e575f45101
  Starscream: 5178aed56b316f13fa3bc55694e583d35dd414d9
  SubviewAttachingTextView: 4b6e2d07bc4200f1d030887ead5c705200d105d1
  SwiftGen: 67860cc7c3cfc2ed25b9b74cfd55495fc89f9108
  SwiftLint: 99f82d07b837b942dd563c668de129a03fc3fb52
  SwiftyUserDefaults: 63f80248cf5bfb3458825d9a78f2eb7e1293a040
  TagListView: a1c236d17960a0cf64156725a76ce6d73ebce2be
  THPinViewController: d9d65cdc5670b99b82d4cef841c954caf4b78299
  TweetNacl: 3abf4d1d2082b0114e7a67410e300892448951e6
  "UITextView+Placeholder": d7b0c400921f66523f3a85d74f774512e14f6502

PODFILE CHECKSUM: db042deee8095124a1d26e5d7d6c60e8dd82c1da

COCOAPODS: 1.10.1
