PODS:
  - Action (5.0.0):
    - RxCocoa (~> 6.0)
    - RxSwift (~> 6.0)
  - Amplitude (8.3.1)
  - AnalyticsManager (1.0.0):
    - Amplitude (~> 8.3.0)
  - AppAuth (1.6.0):
    - AppAuth/Core (= 1.6.0)
    - AppAuth/ExternalUserAgent (= 1.6.0)
  - AppAuth/Core (1.6.0)
  - AppAuth/ExternalUserAgent (1.6.0):
    - AppAuth/Core
  - AppsFlyerFramework (6.8.1):
    - AppsFlyerFramework/Main (= 6.8.1)
  - AppsFlyerFramework/Main (6.8.1)
  - BECollectionView (1.0.0):
    - BECollectionView_Core
    - RxCocoa (~> 6.5.0)
  - BECollectionView_Combine (1.0.0):
    - BECollectionView_Core
    - CombineCocoa (~> 0.4.0)
  - BECollectionView_Core (1.0.0)
  - BEPureLayout (0.4.0):
    - PureLayout
  - Cache (1.0.0)
  - CocoaDebug (1.7.2)
  - CombineCocoa (0.4.0)
  - CountriesAPI (1.0.0)
  - CryptoSwift (1.6.0)
  - Down (0.11.0)
  - FeeRelayerSwift (3.1.2):
    - OrcaSwapSwift (~> 2)
    - SolanaSwift (~> 2)
  - Firebase/Analytics (10.1.0):
    - Firebase/Core
  - Firebase/Core (10.1.0):
    - Firebase/CoreOnly
    - FirebaseAnalytics (~> 10.1.0)
  - Firebase/CoreOnly (10.1.0):
    - FirebaseCore (= 10.1.0)
  - Firebase/Crashlytics (10.1.0):
    - Firebase/CoreOnly
    - FirebaseCrashlytics (~> 10.1.0)
  - Firebase/RemoteConfig (10.1.0):
    - Firebase/CoreOnly
    - FirebaseRemoteConfig (~> 10.1.0)
  - FirebaseABTesting (10.1.0):
    - FirebaseCore (~> 10.0)
  - FirebaseAnalytics (10.1.0):
    - FirebaseAnalytics/AdIdSupport (= 10.1.0)
    - FirebaseCore (~> 10.0)
    - FirebaseInstallations (~> 10.0)
    - GoogleUtilities/AppDelegateSwizzler (~> 7.8)
    - GoogleUtilities/MethodSwizzler (~> 7.8)
    - GoogleUtilities/Network (~> 7.8)
    - "GoogleUtilities/NSData+zlib (~> 7.8)"
    - nanopb (< 2.30910.0, >= 2.30908.0)
  - FirebaseAnalytics/AdIdSupport (10.1.0):
    - FirebaseCore (~> 10.0)
    - FirebaseInstallations (~> 10.0)
    - GoogleAppMeasurement (= 10.1.0)
    - GoogleUtilities/AppDelegateSwizzler (~> 7.8)
    - GoogleUtilities/MethodSwizzler (~> 7.8)
    - GoogleUtilities/Network (~> 7.8)
    - "GoogleUtilities/NSData+zlib (~> 7.8)"
    - nanopb (< 2.30910.0, >= 2.30908.0)
  - FirebaseCore (10.1.0):
    - FirebaseCoreInternal (~> 10.0)
    - GoogleUtilities/Environment (~> 7.8)
    - GoogleUtilities/Logger (~> 7.8)
  - FirebaseCoreInternal (10.1.0):
    - "GoogleUtilities/NSData+zlib (~> 7.8)"
  - FirebaseCrashlytics (10.1.0):
    - FirebaseCore (~> 10.0)
    - FirebaseInstallations (~> 10.0)
    - GoogleDataTransport (~> 9.2)
    - GoogleUtilities/Environment (~> 7.8)
    - nanopb (< 2.30910.0, >= 2.30908.0)
    - PromisesObjC (~> 2.1)
  - FirebaseInstallations (10.1.0):
    - FirebaseCore (~> 10.0)
    - GoogleUtilities/Environment (~> 7.8)
    - GoogleUtilities/UserDefaults (~> 7.8)
    - PromisesObjC (~> 2.1)
  - FirebaseRemoteConfig (10.1.0):
    - FirebaseABTesting (~> 10.0)
    - FirebaseCore (~> 10.0)
    - FirebaseInstallations (~> 10.0)
    - GoogleUtilities/Environment (~> 7.8)
    - "GoogleUtilities/NSData+zlib (~> 7.8)"
  - GoogleAppMeasurement (10.1.0):
    - GoogleAppMeasurement/AdIdSupport (= 10.1.0)
    - GoogleUtilities/AppDelegateSwizzler (~> 7.8)
    - GoogleUtilities/MethodSwizzler (~> 7.8)
    - GoogleUtilities/Network (~> 7.8)
    - "GoogleUtilities/NSData+zlib (~> 7.8)"
    - nanopb (< 2.30910.0, >= 2.30908.0)
  - GoogleAppMeasurement/AdIdSupport (10.1.0):
    - GoogleAppMeasurement/WithoutAdIdSupport (= 10.1.0)
    - GoogleUtilities/AppDelegateSwizzler (~> 7.8)
    - GoogleUtilities/MethodSwizzler (~> 7.8)
    - GoogleUtilities/Network (~> 7.8)
    - "GoogleUtilities/NSData+zlib (~> 7.8)"
    - nanopb (< 2.30910.0, >= 2.30908.0)
  - GoogleAppMeasurement/WithoutAdIdSupport (10.1.0):
    - GoogleUtilities/AppDelegateSwizzler (~> 7.8)
    - GoogleUtilities/MethodSwizzler (~> 7.8)
    - GoogleUtilities/Network (~> 7.8)
    - "GoogleUtilities/NSData+zlib (~> 7.8)"
    - nanopb (< 2.30910.0, >= 2.30908.0)
  - GoogleDataTransport (9.2.0):
    - GoogleUtilities/Environment (~> 7.7)
    - nanopb (< 2.30910.0, >= 2.30908.0)
    - PromisesObjC (< 3.0, >= 1.2)
  - GoogleSignIn (6.2.4):
    - AppAuth (~> 1.5)
    - GTMAppAuth (~> 1.3)
    - GTMSessionFetcher/Core (< 3.0, >= 1.1)
  - GoogleUtilities/AppDelegateSwizzler (7.8.0):
    - GoogleUtilities/Environment
    - GoogleUtilities/Logger
    - GoogleUtilities/Network
  - GoogleUtilities/Environment (7.8.0):
    - PromisesObjC (< 3.0, >= 1.2)
  - GoogleUtilities/Logger (7.8.0):
    - GoogleUtilities/Environment
  - GoogleUtilities/MethodSwizzler (7.8.0):
    - GoogleUtilities/Logger
  - GoogleUtilities/Network (7.8.0):
    - GoogleUtilities/Logger
    - "GoogleUtilities/NSData+zlib"
    - GoogleUtilities/Reachability
  - "GoogleUtilities/NSData+zlib (7.8.0)"
  - GoogleUtilities/Reachability (7.8.0):
    - GoogleUtilities/Logger
  - GoogleUtilities/UserDefaults (7.8.0):
    - GoogleUtilities/Logger
  - GT3Captcha-iOS (0.15.5)
  - GTMAppAuth (1.3.1):
    - AppAuth/Core (~> 1.6)
    - GTMSessionFetcher/Core (< 3.0, >= 1.5)
  - GTMSessionFetcher/Core (2.1.0)
  - Intercom (12.4.3)
  - Introspect (0.1.4)
  - JazziconSwift (1.1.0)
  - JSBridge (1.0.0)
  - KeyAppKitCore (1.0.0)
  - KeyAppKitLogger (1.0.7)
  - KeyAppUI (0.1.2):
    - BEPureLayout
    - SkeletonView (~> 1.7)
  - KeychainSwift (19.0.0)
  - Kingfisher (7.3.2)
  - ListPlaceholder (1.5)
  - LoggerSwift (1.0.2)
  - lottie-ios (3.5.0)
  - NameService (1.0.0):
    - KeyAppKitCore
    - KeyAppKitLogger
    - SolanaSwift
  - nanopb (2.30909.0):
    - nanopb/decode (= 2.30909.0)
    - nanopb/encode (= 2.30909.0)
  - nanopb/decode (2.30909.0)
  - nanopb/encode (2.30909.0)
  - Onboarding (1.0.0):
    - AnalyticsManager
    - CryptoSwift (~> 1.6.0)
    - JSBridge
    - KeyAppKitCore
    - SolanaSwift (~> 2)
  - OrcaSwapSwift (2.1.1):
    - SolanaSwift (~> 2)
  - P2PSwift (1.0.0)
  - Periphery (2.10.0)
  - PhoneNumberKit (3.3.4):
    - PhoneNumberKit/PhoneNumberKitCore (= 3.3.4)
    - PhoneNumberKit/UIKit (= 3.3.4)
  - PhoneNumberKit/PhoneNumberKitCore (3.3.4)
  - PhoneNumberKit/UIKit (3.3.4):
    - PhoneNumberKit/PhoneNumberKitCore
  - PromisesObjC (2.1.1)
  - PureLayout (3.1.9)
  - ReachabilitySwift (5.0.0)
  - RenVMSwift (2.0.1):
    - SolanaSwift (~> 2)
  - Resolver (1.5.0)
  - RxAppState (1.7.1):
    - RxCocoa (~> 6.2)
    - RxSwift (~> 6.2)
  - RxCocoa (6.5.0):
    - RxRelay (= 6.5.0)
    - RxSwift (= 6.5.0)
  - RxCombine (2.0.1):
    - RxRelay (~> 6)
    - RxSwift (~> 6)
  - RxConcurrency (0.1.1):
    - RxSwift (~> 6.5.0)
  - RxGesture (4.0.4):
    - RxCocoa (~> 6.0)
    - RxSwift (~> 6.0)
  - RxRelay (6.5.0):
    - RxSwift (= 6.5.0)
  - RxSwift (6.5.0)
  - secp256k1.swift (0.1.4)
  - Sentry (7.18.1):
    - Sentry/Core (= 7.18.1)
  - Sentry/Core (7.18.1)
  - SkeletonUI (1.0.9)
  - SkeletonView (1.30.4)
  - SolanaPricesAPIs (1.0.0):
    - Cache
    - SolanaSwift (~> 2)
  - SolanaSwift (2.5.3):
    - LoggerSwift (~> 1.0.2)
    - secp256k1.swift (~> 0.1.0)
    - Task_retrying (~> 1.0.3)
    - TweetNacl (~> 1.0.2)
  - Solend (1.0.0):
    - FeeRelayerSwift
    - P2PSwift
    - SolanaSwift
  - SubviewAttachingTextView (1.5.0)
  - SwiftFormat/CLI (0.49.6)
  - SwiftGen (6.6.2)
  - SwiftLint (0.49.1)
  - SwiftNotificationCenter (1.0.4)
  - SwiftSVG (2.3.2)
  - SwiftyUserDefaults (5.3.0)
  - TagListView (1.4.1)
  - Task_retrying (1.0.3)
  - TransactionParser (1.0.0):
    - Cache
    - SolanaSwift (~> 2)
  - TweetNacl (1.0.2)
  - "UITextView+Placeholder (1.4.0)"

DEPENDENCIES:
  - Action (= 5.0.0)
  - AnalyticsManager (from `https://github.com/p2p-org/key-app-kit-swift.git`, branch `master`)
  - AppsFlyerFramework
  - BECollectionView (from `https://github.com/bigearsenal/BECollectionView.git`, branch `master`)
  - BECollectionView_Combine (from `https://github.com/bigearsenal/BECollectionView.git`, branch `master`)
  - BECollectionView_Core (from `https://github.com/bigearsenal/BECollectionView.git`, branch `master`)
  - BEPureLayout (from `https://github.com/p2p-org/BEPureLayout.git`, branch `master`)
  - Cache (from `https://github.com/p2p-org/key-app-kit-swift.git`, branch `master`)
  - CocoaDebug
  - CombineCocoa (= 0.4.0)
  - CountriesAPI (from `https://github.com/p2p-org/key-app-kit-swift.git`, branch `master`)
  - Down (from `https://github.com/p2p-org/Down.git`)
  - FeeRelayerSwift (from `https://github.com/p2p-org/FeeRelayerSwift.git`, branch `master`)
  - Firebase/Analytics
  - Firebase/Crashlytics
  - Firebase/RemoteConfig
  - GoogleSignIn
  - GT3Captcha-iOS
  - Intercom (= 12.4.3)
  - Introspect (= 0.1.4)
  - JazziconSwift (from `https://github.com/p2p-org/JazziconSwift.git`, branch `master`)
  - JSBridge (from `https://github.com/p2p-org/key-app-kit-swift.git`, branch `master`)
  - KeyAppKitCore (from `https://github.com/p2p-org/key-app-kit-swift.git`, branch `master`)
  - KeyAppKitLogger (from `https://github.com/p2p-org/key-app-kit-swift.git`, branch `master`)
  - "KeyAppUI (from `git@github.com:p2p-org/KeyAppUI.git`, branch `main`)"
  - KeychainSwift (= 19.0.0)
  - Kingfisher (~> 7.3.2)
  - ListPlaceholder (from `https://github.com/p2p-org/ListPlaceholder.git`, branch `custom_gradient_color`)
  - lottie-ios (~> 3.5.0)
  - NameService (from `https://github.com/p2p-org/key-app-kit-swift.git`, branch `master`)
  - Onboarding (from `https://github.com/p2p-org/key-app-kit-swift.git`, branch `master`)
  - OrcaSwapSwift (from `https://github.com/p2p-org/OrcaSwapSwift.git`, branch `main`)
  - P2PSwift (from `https://github.com/p2p-org/key-app-kit-swift.git`, branch `master`)
  - Periphery
  - PhoneNumberKit (= 3.3.4)
  - ReachabilitySwift (~> 5.0.0)
  - RenVMSwift (from `https://github.com/p2p-org/RenVMSwift.git`, branch `feature/pwn-5964-renbtc-status`)
  - Resolver (= 1.5.0)
  - RxAppState (= 1.7.1)
  - RxCocoa (= 6.5.0)
  - RxCombine (= 2.0.1)
  - RxConcurrency (from `https://github.com/TrGiLong/RxConcurrency.git`, branch `main`)
  - RxGesture (= 4.0.4)
  - RxSwift (= 6.5.0)
  - Sentry (from `https://github.com/getsentry/sentry-cocoa.git`, tag `7.18.1`)
  - SkeletonUI (from `https://github.com/p2p-org/SkeletonUI.git`, branch `master`)
  - SolanaPricesAPIs (from `https://github.com/p2p-org/key-app-kit-swift.git`, branch `master`)
  - SolanaSwift (from `https://github.com/p2p-org/solana-swift.git`, branch `main`)
  - Solend (from `https://github.com/p2p-org/key-app-kit-swift.git`, branch `master`)
  - SubviewAttachingTextView (= 1.5.0)
  - SwiftFormat/CLI (= 0.49.6)
  - SwiftGen (~> 6.0)
  - SwiftLint
  - SwiftNotificationCenter
  - SwiftSVG (= 2.3.2)
  - SwiftyUserDefaults (= 5.3.0)
  - TagListView (= 1.4.1)
  - TransactionParser (from `https://github.com/p2p-org/key-app-kit-swift.git`, branch `master`)
  - "UITextView+Placeholder (= 1.4.0)"

SPEC REPOS:
  trunk:
    - Action
    - Amplitude
    - AppAuth
    - AppsFlyerFramework
    - CocoaDebug
    - CombineCocoa
    - CryptoSwift
    - Firebase
    - FirebaseABTesting
    - FirebaseAnalytics
    - FirebaseCore
    - FirebaseCoreInternal
    - FirebaseCrashlytics
    - FirebaseInstallations
    - FirebaseRemoteConfig
    - GoogleAppMeasurement
    - GoogleDataTransport
    - GoogleSignIn
    - GoogleUtilities
    - GT3Captcha-iOS
    - GTMAppAuth
    - GTMSessionFetcher
    - Intercom
    - Introspect
    - KeychainSwift
    - Kingfisher
    - LoggerSwift
    - lottie-ios
    - nanopb
    - Periphery
    - PhoneNumberKit
    - PromisesObjC
    - PureLayout
    - ReachabilitySwift
    - Resolver
    - RxAppState
    - RxCocoa
    - RxCombine
    - RxGesture
    - RxRelay
    - RxSwift
    - secp256k1.swift
    - SkeletonView
    - SubviewAttachingTextView
    - SwiftFormat
    - SwiftGen
    - SwiftLint
    - SwiftNotificationCenter
    - SwiftSVG
    - SwiftyUserDefaults
    - TagListView
    - Task_retrying
    - TweetNacl
    - "UITextView+Placeholder"

EXTERNAL SOURCES:
  AnalyticsManager:
    :branch: master
    :git: https://github.com/p2p-org/key-app-kit-swift.git
  BECollectionView:
    :branch: master
    :git: https://github.com/bigearsenal/BECollectionView.git
  BECollectionView_Combine:
    :branch: master
    :git: https://github.com/bigearsenal/BECollectionView.git
  BECollectionView_Core:
    :branch: master
    :git: https://github.com/bigearsenal/BECollectionView.git
  BEPureLayout:
    :branch: master
    :git: https://github.com/p2p-org/BEPureLayout.git
  Cache:
    :branch: master
    :git: https://github.com/p2p-org/key-app-kit-swift.git
  CountriesAPI:
    :branch: master
    :git: https://github.com/p2p-org/key-app-kit-swift.git
  Down:
    :git: https://github.com/p2p-org/Down.git
  FeeRelayerSwift:
    :branch: master
    :git: https://github.com/p2p-org/FeeRelayerSwift.git
  JazziconSwift:
    :branch: master
    :git: https://github.com/p2p-org/JazziconSwift.git
  JSBridge:
    :branch: master
    :git: https://github.com/p2p-org/key-app-kit-swift.git
  KeyAppKitCore:
    :branch: master
    :git: https://github.com/p2p-org/key-app-kit-swift.git
  KeyAppKitLogger:
    :branch: master
    :git: https://github.com/p2p-org/key-app-kit-swift.git
  KeyAppUI:
    :branch: main
    :git: "git@github.com:p2p-org/KeyAppUI.git"
  ListPlaceholder:
    :branch: custom_gradient_color
    :git: https://github.com/p2p-org/ListPlaceholder.git
  NameService:
    :branch: master
    :git: https://github.com/p2p-org/key-app-kit-swift.git
  Onboarding:
    :branch: master
    :git: https://github.com/p2p-org/key-app-kit-swift.git
  OrcaSwapSwift:
    :branch: main
    :git: https://github.com/p2p-org/OrcaSwapSwift.git
  P2PSwift:
    :branch: master
    :git: https://github.com/p2p-org/key-app-kit-swift.git
  RenVMSwift:
    :branch: feature/pwn-5964-renbtc-status
    :git: https://github.com/p2p-org/RenVMSwift.git
  RxConcurrency:
    :branch: main
    :git: https://github.com/TrGiLong/RxConcurrency.git
  Sentry:
    :git: https://github.com/getsentry/sentry-cocoa.git
    :tag: 7.18.1
  SkeletonUI:
    :branch: master
    :git: https://github.com/p2p-org/SkeletonUI.git
  SolanaPricesAPIs:
    :branch: master
    :git: https://github.com/p2p-org/key-app-kit-swift.git
  SolanaSwift:
    :branch: main
    :git: https://github.com/p2p-org/solana-swift.git
  Solend:
    :branch: master
    :git: https://github.com/p2p-org/key-app-kit-swift.git
  TransactionParser:
    :branch: master
    :git: https://github.com/p2p-org/key-app-kit-swift.git

CHECKOUT OPTIONS:
  AnalyticsManager:
    :commit: 9449d2b73bf2cc8c612c9cf4dcdc1449d1804015
    :git: https://github.com/p2p-org/key-app-kit-swift.git
  BECollectionView:
    :commit: fa27fd346aa54e8cac58b34f861b08a39e38db6f
    :git: https://github.com/bigearsenal/BECollectionView.git
  BECollectionView_Combine:
    :commit: fa27fd346aa54e8cac58b34f861b08a39e38db6f
    :git: https://github.com/bigearsenal/BECollectionView.git
  BECollectionView_Core:
    :commit: fa27fd346aa54e8cac58b34f861b08a39e38db6f
    :git: https://github.com/bigearsenal/BECollectionView.git
  BEPureLayout:
    :commit: 9b4ab977660c8554d23a2d9b83b6ac6c6058b3b7
    :git: https://github.com/p2p-org/BEPureLayout.git
  Cache:
    :commit: 9449d2b73bf2cc8c612c9cf4dcdc1449d1804015
    :git: https://github.com/p2p-org/key-app-kit-swift.git
  CountriesAPI:
    :commit: 9449d2b73bf2cc8c612c9cf4dcdc1449d1804015
    :git: https://github.com/p2p-org/key-app-kit-swift.git
  Down:
    :commit: eee1d66d7ef71b892e72c8bc8d84fcdfeaab1918
    :git: https://github.com/p2p-org/Down.git
  FeeRelayerSwift:
    :commit: a7d427bff810c703addedfefc646853df3a09400
    :git: https://github.com/p2p-org/FeeRelayerSwift.git
  JazziconSwift:
    :commit: f9c9f898402db4e62d482f4c90670652c221fa12
    :git: https://github.com/p2p-org/JazziconSwift.git
  JSBridge:
    :commit: 9449d2b73bf2cc8c612c9cf4dcdc1449d1804015
    :git: https://github.com/p2p-org/key-app-kit-swift.git
  KeyAppKitCore:
    :commit: 9449d2b73bf2cc8c612c9cf4dcdc1449d1804015
    :git: https://github.com/p2p-org/key-app-kit-swift.git
  KeyAppKitLogger:
    :commit: 9449d2b73bf2cc8c612c9cf4dcdc1449d1804015
    :git: https://github.com/p2p-org/key-app-kit-swift.git
  KeyAppUI:
    :commit: b566adfe2a0e82014a7003671b9594d40db9a8ae
    :git: "git@github.com:p2p-org/KeyAppUI.git"
  ListPlaceholder:
    :commit: 78dd312eb762d66a54c87cd6dd8045140da28c4b
    :git: https://github.com/p2p-org/ListPlaceholder.git
  NameService:
    :commit: 9449d2b73bf2cc8c612c9cf4dcdc1449d1804015
    :git: https://github.com/p2p-org/key-app-kit-swift.git
  Onboarding:
    :commit: 9449d2b73bf2cc8c612c9cf4dcdc1449d1804015
    :git: https://github.com/p2p-org/key-app-kit-swift.git
  OrcaSwapSwift:
    :commit: e76b0650046ed3e380016775614d3e99fad8f1b1
    :git: https://github.com/p2p-org/OrcaSwapSwift.git
  P2PSwift:
    :commit: 9449d2b73bf2cc8c612c9cf4dcdc1449d1804015
    :git: https://github.com/p2p-org/key-app-kit-swift.git
  RenVMSwift:
    :commit: fa667b94eb3e583547f315c014bfa9e9d0aba355
    :git: https://github.com/p2p-org/RenVMSwift.git
  RxConcurrency:
    :commit: dadb16c54bd42ca83c08f3d80f61fbfca93a585c
    :git: https://github.com/TrGiLong/RxConcurrency.git
  Sentry:
    :git: https://github.com/getsentry/sentry-cocoa.git
    :tag: 7.18.1
  SkeletonUI:
    :commit: 98225dbb0459477dfeac063e1c7d0750102325d1
    :git: https://github.com/p2p-org/SkeletonUI.git
  SolanaPricesAPIs:
    :commit: 9449d2b73bf2cc8c612c9cf4dcdc1449d1804015
    :git: https://github.com/p2p-org/key-app-kit-swift.git
  SolanaSwift:
    :commit: 03e523952027a05ceee448c9f59ab8b153ed9f19
    :git: https://github.com/p2p-org/solana-swift.git
  Solend:
    :commit: 9449d2b73bf2cc8c612c9cf4dcdc1449d1804015
    :git: https://github.com/p2p-org/key-app-kit-swift.git
  TransactionParser:
    :commit: 9449d2b73bf2cc8c612c9cf4dcdc1449d1804015
    :git: https://github.com/p2p-org/key-app-kit-swift.git

SPEC CHECKSUMS:
  Action: 47f1825511907b4fcd79dd7a7db9526c20f78018
  Amplitude: c25a44ad72b84e684fcf67c478c1fb5c95e286a3
  AnalyticsManager: 8c141df84886ab377bab4e662b9ebe26c1ea8509
  AppAuth: 8fca6b5563a5baef2c04bee27538025e4ceb2add
  AppsFlyerFramework: a664325124485223296354b4eec335f5340a6df8
  BECollectionView: 43168463a4e95065f7856ac8d148e3eb1e77b808
  BECollectionView_Combine: f2f203853b4dfe83b5fd97998d6787857b641a12
  BECollectionView_Core: 439e92310adb5a8deab08cc7af508cc31ed6a4f6
  BEPureLayout: 970e31aa4fccf0f72ef2229b4e831ccdea33f026
  Cache: 63a27b5fe1aa85d9587eb557ce828de39867b6f4
  CocoaDebug: 61cf93ada6ce8f3407507dc01f9b874d91ac1d5c
  CombineCocoa: 68a050228ce7c53c1c5ac2c57cccf92a7f5c5085
  CountriesAPI: 26d03b67fb2fd4ff26111b71ed3d492a3babb592
  CryptoSwift: 562f8eceb40e80796fffc668b0cad9313284cfa6
  Down: b6ba1bc985c9d2f4e15e3b293d2207766fa12612
  FeeRelayerSwift: 1fee81a40cc11c147b534b1afd46b147480a88dc
  Firebase: 444b35a9c568a516666213c2f6cccd10cb12559f
  FirebaseABTesting: 8404d743de561c73570c8dbb7810035ffec10053
  FirebaseAnalytics: 24cb27b52b2e11ad5013528195b4ca0755dec960
  FirebaseCore: 55e7ae35991ccca4db03ff8d8df6ed5f17a3e4c7
  FirebaseCoreInternal: 96d75228e10fd369564da51bd898414eb0f54df5
  FirebaseCrashlytics: 93906d7085eb3e4dd90d08fe42a15d4f0406b6ab
  FirebaseInstallations: 99d24bac0243cf8b0e96cf5426340d211f0bcc80
  FirebaseRemoteConfig: 20a413ed3ffeb84c12888bff19d02464f0faed69
  GoogleAppMeasurement: e490e248af3da95afe8fa8e7baac232dc8d020b7
  GoogleDataTransport: 1c8145da7117bd68bbbed00cf304edb6a24de00f
  GoogleSignIn: 5651ce3a61e56ca864160e79b484cd9ed3f49b7a
  GoogleUtilities: 1d20a6ad97ef46f67bbdec158ce00563a671ebb7
  GT3Captcha-iOS: 2be456783a54bc7ef40856d491dab4e4fe5d386e
  GTMAppAuth: 0ff230db599948a9ad7470ca667337803b3fc4dd
  GTMSessionFetcher: ffbb25ec00ebcb5201adab0a56d808f6f1902d9f
  Intercom: 43bfacc55b1c93cce9ec569833696d3f15678430
  Introspect: b62c4dd2063072327c21d618ef2bedc3c87bc366
  JazziconSwift: d1d6f81e5e460b94b2cd0a898dab66178aeab070
  JSBridge: 5a257c92ad65fb16b255480cb3b2b867cc6ee39c
  KeyAppKitCore: f041e93e735a3aa26b7436fd0825844f546777b3
  KeyAppKitLogger: 1db675b452a0faa4bd0097f5c88fcc635ed67205
  KeyAppUI: c1c83d207c55d53c9a438a752fb8f4e68f857a0e
  KeychainSwift: a06190cf933ad46b1e0abc3d77d29c06331715c7
  Kingfisher: 0086ad83719761ba9b2cdaf6ef4d5b4878cbae23
  ListPlaceholder: 2d7950014852ee5613d636cf14fd1bb93419e330
  LoggerSwift: df24fc6290d4a9ccd3b5d87a2301504cd9f49b3d
  lottie-ios: c55158d67d0629a260625cc2ded2052b829e3c3e
  NameService: 0d7cf21b719169d254b0adb73aff97afde466a44
  nanopb: b552cce312b6c8484180ef47159bc0f65a1f0431
  Onboarding: 6afe81c16c3641737644ed0427a7553b9451fa62
  OrcaSwapSwift: 8184e41e83f5349b38cc229532331064f8ed1fe8
  P2PSwift: 0b7b5a3aebc6bea985a2f5aa39cba99de84dbd80
  Periphery: 6db378a9b4cf5d9b768ac84240ba5ef61053464b
  PhoneNumberKit: 441e8b26ec88d598e3591de9061eff18f5dd12e8
  PromisesObjC: ab77feca74fa2823e7af4249b8326368e61014cb
  PureLayout: 5fb5e5429519627d60d079ccb1eaa7265ce7cf88
  ReachabilitySwift: 985039c6f7b23a1da463388634119492ff86c825
  RenVMSwift: 9cfd6610adc9c74a6e761c615cd30a31129e79c6
  Resolver: 68984624572763018fd8ec7b8e3e8df0e3b6bba5
  RxAppState: 9c34f951d4ff8b9034f84016fe766202365bceb2
  RxCocoa: 94f817b71c07517321eb4f9ad299112ca8af743b
  RxCombine: 74cd98f7bb1d908eff3758d13651917fc296adb3
  RxConcurrency: fde98edd4056a8f13ff293689a25a17563e3e843
  RxGesture: f3efb47ed2d26a8082f7b660d4a59970e275a7f8
  RxRelay: 1de1523e604c72b6c68feadedd1af3b1b4d0ecbd
  RxSwift: 5710a9e6b17f3c3d6e40d6e559b9fa1e813b2ef8
  secp256k1.swift: a7e7a214f6db6ce5db32cc6b2b45e5c4dd633634
  Sentry: 2d70348d6247a29702a8317e710c5ba890672df5
  SkeletonUI: b5c868e6917123e3d442d6cef9c71fe048175f3b
  SkeletonView: 5a050f6411e697abd4cda0a8d767013399dccd69
  SolanaPricesAPIs: 994fc864deab0dad370bc1509102f91d81324019
  SolanaSwift: 5b5f638b0d9568cea01c382465f84ba85ebb3efa
  Solend: c1ea93f70694b61758a182e5b26a8799ad7376cd
  SubviewAttachingTextView: 4b6e2d07bc4200f1d030887ead5c705200d105d1
  SwiftFormat: e40542bcf76fdaa006d0dc26a9ca8278ca028d76
  SwiftGen: 1366a7f71aeef49954ca5a63ba4bef6b0f24138c
  SwiftLint: 32ee33ded0636d0905ef6911b2b67bbaeeedafa5
  SwiftNotificationCenter: 760386da2ce03d3594cb5e96d1e22ec80b44b46f
  SwiftSVG: ca7f64e403b8ea7ea8eba8c823b83ba4a059834c
  SwiftyUserDefaults: 63f80248cf5bfb3458825d9a78f2eb7e1293a040
  TagListView: a1c236d17960a0cf64156725a76ce6d73ebce2be
  Task_retrying: 9e19177e42b162d1d54317f9cfcbabc01d057c38
  TransactionParser: 3004420d52e7b1277dbcfd20b995a5de707705f3
  TweetNacl: 3abf4d1d2082b0114e7a67410e300892448951e6
  "UITextView+Placeholder": d7b0c400921f66523f3a85d74f774512e14f6502

PODFILE CHECKSUM: 09696420831387f2420be6987fd79f9e387b5485

COCOAPODS: 1.11.3
