PODS:
  - Action (5.0.0):
    - RxCocoa (~> 6.0)
    - RxSwift (~> 6.0)
  - Amplitude (8.3.1)
  - AnalyticsManager (1.0.0):
    - Amplitude (~> 8.3.0)
  - AppAuth (1.5.0):
    - AppAuth/Core (= 1.5.0)
    - AppAuth/ExternalUserAgent (= 1.5.0)
  - AppAuth/Core (1.5.0)
  - AppAuth/ExternalUserAgent (1.5.0):
    - AppAuth/Core
  - BECollectionView (1.0.0):
    - BECollectionView_Core
    - RxCocoa (~> 6.5.0)
  - BECollectionView_Combine (1.0.0):
    - BECollectionView_Core
    - CombineCocoa (~> 0.4.0)
  - BECollectionView_Core (1.0.0)
  - BEPureLayout (0.4.0):
    - PureLayout
  - BlueCryptor (1.0.32)
  - BlueECC (1.2.5)
  - BlueRSA (1.0.200)
  - Cache (1.0.0)
  - Charts (4.0.3):
    - Charts/Core (= 4.0.3)
  - Charts/Core (4.0.3):
    - SwiftAlgorithms (~> 1.0)
  - CocoaDebug (1.7.2)
  - CombineCocoa (0.4.0)
  - CountriesAPI (1.0.0)
  - Down (0.11.0)
  - FeeRelayerSwift (3.1.2):
    - OrcaSwapSwift (~> 2)
    - SolanaSwift (~> 2)
  - Firebase/Analytics (9.3.0):
    - Firebase/Core
  - Firebase/Core (9.3.0):
    - Firebase/CoreOnly
    - FirebaseAnalytics (~> 9.3.0)
  - Firebase/CoreOnly (9.3.0):
    - FirebaseCore (= 9.3.0)
  - Firebase/Crashlytics (9.3.0):
    - Firebase/CoreOnly
    - FirebaseCrashlytics (~> 9.3.0)
  - Firebase/RemoteConfig (9.3.0):
    - Firebase/CoreOnly
    - FirebaseRemoteConfig (~> 9.3.0)
  - FirebaseABTesting (9.3.0):
    - FirebaseCore (~> 9.0)
  - FirebaseAnalytics (9.3.0):
    - FirebaseAnalytics/AdIdSupport (= 9.3.0)
    - FirebaseCore (~> 9.0)
    - FirebaseInstallations (~> 9.0)
    - GoogleUtilities/AppDelegateSwizzler (~> 7.7)
    - GoogleUtilities/MethodSwizzler (~> 7.7)
    - GoogleUtilities/Network (~> 7.7)
    - "GoogleUtilities/NSData+zlib (~> 7.7)"
    - nanopb (< 2.30910.0, >= 2.30908.0)
  - FirebaseAnalytics/AdIdSupport (9.3.0):
    - FirebaseCore (~> 9.0)
    - FirebaseInstallations (~> 9.0)
    - GoogleAppMeasurement (= 9.3.0)
    - GoogleUtilities/AppDelegateSwizzler (~> 7.7)
    - GoogleUtilities/MethodSwizzler (~> 7.7)
    - GoogleUtilities/Network (~> 7.7)
    - "GoogleUtilities/NSData+zlib (~> 7.7)"
    - nanopb (< 2.30910.0, >= 2.30908.0)
  - FirebaseCore (9.3.0):
    - FirebaseCoreDiagnostics (~> 9.0)
    - FirebaseCoreInternal (~> 9.0)
    - GoogleUtilities/Environment (~> 7.7)
    - GoogleUtilities/Logger (~> 7.7)
  - FirebaseCoreDiagnostics (9.3.0):
    - GoogleDataTransport (< 10.0.0, >= 9.1.4)
    - GoogleUtilities/Environment (~> 7.7)
    - GoogleUtilities/Logger (~> 7.7)
    - nanopb (< 2.30910.0, >= 2.30908.0)
  - FirebaseCoreInternal (9.3.0):
    - "GoogleUtilities/NSData+zlib (~> 7.7)"
  - FirebaseCrashlytics (9.3.0):
    - FirebaseCore (~> 9.0)
    - FirebaseInstallations (~> 9.0)
    - GoogleDataTransport (< 10.0.0, >= 9.1.4)
    - GoogleUtilities/Environment (~> 7.7)
    - nanopb (< 2.30910.0, >= 2.30908.0)
    - PromisesObjC (~> 2.1)
  - FirebaseInstallations (9.3.0):
    - FirebaseCore (~> 9.0)
    - GoogleUtilities/Environment (~> 7.7)
    - GoogleUtilities/UserDefaults (~> 7.7)
    - PromisesObjC (~> 2.1)
  - FirebaseRemoteConfig (9.3.0):
    - FirebaseABTesting (~> 9.0)
    - FirebaseCore (~> 9.0)
    - FirebaseInstallations (~> 9.0)
    - GoogleUtilities/Environment (~> 7.7)
    - "GoogleUtilities/NSData+zlib (~> 7.7)"
  - GoogleAppMeasurement (9.3.0):
    - GoogleAppMeasurement/AdIdSupport (= 9.3.0)
    - GoogleUtilities/AppDelegateSwizzler (~> 7.7)
    - GoogleUtilities/MethodSwizzler (~> 7.7)
    - GoogleUtilities/Network (~> 7.7)
    - "GoogleUtilities/NSData+zlib (~> 7.7)"
    - nanopb (< 2.30910.0, >= 2.30908.0)
  - GoogleAppMeasurement/AdIdSupport (9.3.0):
    - GoogleAppMeasurement/WithoutAdIdSupport (= 9.3.0)
    - GoogleUtilities/AppDelegateSwizzler (~> 7.7)
    - GoogleUtilities/MethodSwizzler (~> 7.7)
    - GoogleUtilities/Network (~> 7.7)
    - "GoogleUtilities/NSData+zlib (~> 7.7)"
    - nanopb (< 2.30910.0, >= 2.30908.0)
  - GoogleAppMeasurement/WithoutAdIdSupport (9.3.0):
    - GoogleUtilities/AppDelegateSwizzler (~> 7.7)
    - GoogleUtilities/MethodSwizzler (~> 7.7)
    - GoogleUtilities/Network (~> 7.7)
    - "GoogleUtilities/NSData+zlib (~> 7.7)"
    - nanopb (< 2.30910.0, >= 2.30908.0)
  - GoogleDataTransport (9.2.0):
    - GoogleUtilities/Environment (~> 7.7)
    - nanopb (< 2.30910.0, >= 2.30908.0)
    - PromisesObjC (< 3.0, >= 1.2)
  - GoogleSignIn (6.2.2):
    - AppAuth (~> 1.5)
    - GTMAppAuth (~> 1.3)
    - GTMSessionFetcher/Core (~> 1.1)
  - GoogleUtilities/AppDelegateSwizzler (7.7.0):
    - GoogleUtilities/Environment
    - GoogleUtilities/Logger
    - GoogleUtilities/Network
  - GoogleUtilities/Environment (7.7.0):
    - PromisesObjC (< 3.0, >= 1.2)
  - GoogleUtilities/Logger (7.7.0):
    - GoogleUtilities/Environment
  - GoogleUtilities/MethodSwizzler (7.7.0):
    - GoogleUtilities/Logger
  - GoogleUtilities/Network (7.7.0):
    - GoogleUtilities/Logger
    - "GoogleUtilities/NSData+zlib"
    - GoogleUtilities/Reachability
  - "GoogleUtilities/NSData+zlib (7.7.0)"
  - GoogleUtilities/Reachability (7.7.0):
    - GoogleUtilities/Logger
  - GoogleUtilities/UserDefaults (7.7.0):
    - GoogleUtilities/Logger
  - GT3Captcha-iOS (0.15.2)
  - GTMAppAuth (1.3.0):
    - AppAuth/Core (~> 1.4)
    - GTMSessionFetcher/Core (~> 1.5)
  - GTMSessionFetcher/Core (1.7.2)
  - Intercom (12.4.3)
  - JazziconSwift (1.1.0)
  - JSBridge (1.0.0)
  - KeyAppKitLogger (1.0.7)
  - KeyAppUI (0.1.0):
    - BEPureLayout
    - SkeletonView (~> 1.7)
  - KeychainSwift (19.0.0)
  - Kingfisher (7.3.0)
  - KituraContracts (1.2.1):
    - LoggerAPI (~> 1.7)
  - ListPlaceholder (1.5)
  - LoggerAPI (1.9.200):
    - Logging (~> 1.1)
  - LoggerSwift (1.0.2)
  - Logging (1.4.0)
  - NameService (1.0.0):
    - KeyAppKitLogger
  - nanopb (2.30909.0):
    - nanopb/decode (= 2.30909.0)
    - nanopb/encode (= 2.30909.0)
  - nanopb/decode (2.30909.0)
  - nanopb/encode (2.30909.0)
  - Onboarding (1.0.0):
    - JSBridge
  - OrcaSwapSwift (2.1.1):
    - SolanaSwift (~> 2)
  - Periphery (2.9.0)
  - PromisesObjC (2.1.1)
  - PureLayout (3.1.9)
  - RenVMSwift (2.0.1):
    - SolanaSwift (~> 2)
  - Resolver (1.5.0)
  - RxAppState (1.7.1):
    - RxCocoa (~> 6.2)
    - RxSwift (~> 6.2)
  - RxCocoa (6.5.0):
    - RxRelay (= 6.5.0)
    - RxSwift (= 6.5.0)
  - RxConcurrency (0.1.1):
    - RxSwift (~> 6.5.0)
  - RxGesture (4.0.4):
    - RxCocoa (~> 6.0)
    - RxSwift (~> 6.0)
  - RxRelay (6.5.0):
    - RxSwift (= 6.5.0)
  - RxSwift (6.5.0)
  - secp256k1.swift (0.1.4)
  - Sentry (7.18.1):
    - Sentry/Core (= 7.18.1)
  - Sentry/Core (7.18.1)
  - SkeletonView (1.29.2)
  - SolanaPricesAPIs (1.0.0):
    - Cache
    - SolanaSwift (~> 2)
  - SolanaSwift (2.4.0):
    - LoggerSwift (~> 1.0.2)
    - secp256k1.swift (~> 0.1.0)
    - Task_retrying (~> 1.0.3)
    - TweetNacl (~> 1.0.2)
  - SubviewAttachingTextView (1.5.0)
  - SwiftAlgorithms (1.0.0)
  - SwiftFormat/CLI (0.49.6)
  - SwiftGen (6.5.1)
  - SwiftJWT (3.6.200):
    - BlueCryptor (~> 1.0)
    - BlueECC (~> 1.1)
    - BlueRSA (~> 1.0)
    - KituraContracts (~> 1.2)
    - LoggerAPI (~> 1.7)
  - SwiftLint (0.48.0)
  - SwiftNotificationCenter (1.0.4)
  - SwiftyUserDefaults (5.3.0)
  - TagListView (1.4.1)
  - Task_retrying (1.0.3)
  - TransactionParser (1.0.0):
    - Cache
    - SolanaSwift (~> 2)
  - TweetNacl (1.0.2)
  - "UITextView+Placeholder (1.4.0)"

DEPENDENCIES:
  - Action
  - "AnalyticsManager (from `git@github.com:p2p-org/key-app-kit-swift.git`, branch `develop`)"
  - BECollectionView (from `https://github.com/bigearsenal/BECollectionView.git`, branch `master`)
  - BECollectionView_Combine (from `https://github.com/bigearsenal/BECollectionView.git`, branch `master`)
  - BECollectionView_Core (from `https://github.com/bigearsenal/BECollectionView.git`, branch `master`)
  - BEPureLayout (from `https://github.com/p2p-org/BEPureLayout.git`, branch `master`)
  - "Cache (from `git@github.com:p2p-org/key-app-kit-swift.git`, branch `develop`)"
  - Charts
  - CocoaDebug
  - CombineCocoa
  - "CountriesAPI (from `git@github.com:p2p-org/key-app-kit-swift.git`, branch `develop`)"
  - Down (from `https://github.com/p2p-org/Down.git`)
  - FeeRelayerSwift (from `https://github.com/p2p-org/FeeRelayerSwift.git`, branch `master`)
  - Firebase/Analytics
  - Firebase/Crashlytics
  - Firebase/RemoteConfig
  - GoogleSignIn
  - GT3Captcha-iOS
  - Intercom
  - JazziconSwift (~> 1.1.0)
  - "JSBridge (from `git@github.com:p2p-org/key-app-kit-swift.git`, branch `develop`)"
  - "KeyAppKitLogger (from `git@github.com:p2p-org/key-app-kit-swift.git`, branch `develop`)"
  - "KeyAppUI (from `git@github.com:p2p-org/KeyAppUI.git`, branch `develop`)"
  - KeychainSwift (~> 19.0)
  - Kingfisher
  - ListPlaceholder (from `https://github.com/p2p-org/ListPlaceholder.git`, branch `custom_gradient_color`)
  - "NameService (from `git@github.com:p2p-org/key-app-kit-swift.git`, branch `develop`)"
  - "Onboarding (from `git@github.com:p2p-org/key-app-kit-swift.git`, branch `develop`)"
  - OrcaSwapSwift (from `https://github.com/p2p-org/OrcaSwapSwift.git`, branch `main`)
  - Periphery
  - RenVMSwift (from `https://github.com/p2p-org/RenVMSwift.git`, branch `master`)
  - Resolver
  - RxAppState
  - RxCocoa (= 6.5.0)
  - RxConcurrency (from `https://github.com/TrGiLong/RxConcurrency.git`, branch `main`)
  - RxGesture
  - RxSwift (= 6.5.0)
  - Sentry (from `https://github.com/getsentry/sentry-cocoa.git`, tag `7.18.1`)
  - "SolanaPricesAPIs (from `git@github.com:p2p-org/key-app-kit-swift.git`, branch `develop`)"
  - SolanaSwift (from `https://github.com/p2p-org/solana-swift.git`, branch `main`)
  - SubviewAttachingTextView
  - SwiftFormat/CLI (= 0.49.6)
  - SwiftGen (~> 6.0)
  - SwiftJWT
  - SwiftLint
  - SwiftNotificationCenter
  - SwiftyUserDefaults (~> 5.0)
  - TagListView (~> 1.0)
  - "TransactionParser (from `git@github.com:p2p-org/key-app-kit-swift.git`, branch `develop`)"
  - "UITextView+Placeholder"

SPEC REPOS:
  trunk:
    - Action
    - Amplitude
    - AppAuth
    - BlueCryptor
    - BlueECC
    - BlueRSA
    - Charts
    - CocoaDebug
    - CombineCocoa
    - Firebase
    - FirebaseABTesting
    - FirebaseAnalytics
    - FirebaseCore
    - FirebaseCoreDiagnostics
    - FirebaseCoreInternal
    - FirebaseCrashlytics
    - FirebaseInstallations
    - FirebaseRemoteConfig
    - GoogleAppMeasurement
    - GoogleDataTransport
    - GoogleSignIn
    - GoogleUtilities
    - GT3Captcha-iOS
    - GTMAppAuth
    - GTMSessionFetcher
    - Intercom
    - JazziconSwift
    - KeychainSwift
    - Kingfisher
    - KituraContracts
    - LoggerAPI
    - LoggerSwift
    - Logging
    - nanopb
    - Periphery
    - PromisesObjC
    - PureLayout
    - Resolver
    - RxAppState
    - RxCocoa
    - RxGesture
    - RxRelay
    - RxSwift
    - secp256k1.swift
    - SkeletonView
    - SubviewAttachingTextView
    - SwiftAlgorithms
    - SwiftFormat
    - SwiftGen
    - SwiftJWT
    - SwiftLint
    - SwiftNotificationCenter
    - SwiftyUserDefaults
    - TagListView
    - Task_retrying
    - TweetNacl
    - "UITextView+Placeholder"

EXTERNAL SOURCES:
  AnalyticsManager:
    :branch: develop
    :git: "git@github.com:p2p-org/key-app-kit-swift.git"
  BECollectionView:
    :branch: master
    :git: https://github.com/bigearsenal/BECollectionView.git
  BECollectionView_Combine:
    :branch: master
    :git: https://github.com/bigearsenal/BECollectionView.git
  BECollectionView_Core:
    :branch: master
    :git: https://github.com/bigearsenal/BECollectionView.git
  BEPureLayout:
    :branch: master
    :git: https://github.com/p2p-org/BEPureLayout.git
  Cache:
    :branch: develop
    :git: "git@github.com:p2p-org/key-app-kit-swift.git"
  CountriesAPI:
    :branch: develop
    :git: "git@github.com:p2p-org/key-app-kit-swift.git"
  Down:
    :git: https://github.com/p2p-org/Down.git
  FeeRelayerSwift:
    :branch: master
    :git: https://github.com/p2p-org/FeeRelayerSwift.git
  JSBridge:
    :branch: develop
    :git: "git@github.com:p2p-org/key-app-kit-swift.git"
  KeyAppKitLogger:
    :branch: develop
    :git: "git@github.com:p2p-org/key-app-kit-swift.git"
  KeyAppUI:
    :branch: develop
    :git: "git@github.com:p2p-org/KeyAppUI.git"
  ListPlaceholder:
    :branch: custom_gradient_color
    :git: https://github.com/p2p-org/ListPlaceholder.git
  NameService:
    :branch: develop
    :git: "git@github.com:p2p-org/key-app-kit-swift.git"
  Onboarding:
    :branch: develop
    :git: "git@github.com:p2p-org/key-app-kit-swift.git"
  OrcaSwapSwift:
    :branch: main
    :git: https://github.com/p2p-org/OrcaSwapSwift.git
  RenVMSwift:
    :branch: master
    :git: https://github.com/p2p-org/RenVMSwift.git
  RxConcurrency:
    :branch: main
    :git: https://github.com/TrGiLong/RxConcurrency.git
  Sentry:
    :git: https://github.com/getsentry/sentry-cocoa.git
    :tag: 7.18.1
  SolanaPricesAPIs:
    :branch: develop
    :git: "git@github.com:p2p-org/key-app-kit-swift.git"
  SolanaSwift:
    :branch: main
    :git: https://github.com/p2p-org/solana-swift.git
  TransactionParser:
    :branch: develop
    :git: "git@github.com:p2p-org/key-app-kit-swift.git"

CHECKOUT OPTIONS:
  AnalyticsManager:
    :commit: f273d6cef9efbc750914385a34967c2fd21e0eb1
    :git: "git@github.com:p2p-org/key-app-kit-swift.git"
  BECollectionView:
    :commit: 8f17c30369bcb81cfb12b08a5f2ef5d9d9cb5521
    :git: https://github.com/bigearsenal/BECollectionView.git
  BECollectionView_Combine:
    :commit: 8f17c30369bcb81cfb12b08a5f2ef5d9d9cb5521
    :git: https://github.com/bigearsenal/BECollectionView.git
  BECollectionView_Core:
    :commit: 8f17c30369bcb81cfb12b08a5f2ef5d9d9cb5521
    :git: https://github.com/bigearsenal/BECollectionView.git
  BEPureLayout:
    :commit: f0e06d38ab5f4a4854ed9b674a518708951e53ef
    :git: https://github.com/p2p-org/BEPureLayout.git
  Cache:
    :commit: f273d6cef9efbc750914385a34967c2fd21e0eb1
    :git: "git@github.com:p2p-org/key-app-kit-swift.git"
  CountriesAPI:
    :commit: f273d6cef9efbc750914385a34967c2fd21e0eb1
    :git: "git@github.com:p2p-org/key-app-kit-swift.git"
  Down:
    :commit: eee1d66d7ef71b892e72c8bc8d84fcdfeaab1918
    :git: https://github.com/p2p-org/Down.git
  FeeRelayerSwift:
    :commit: 145b589ae5ed31c72dc51959bc7f782d69b07cc6
    :git: https://github.com/p2p-org/FeeRelayerSwift.git
  JSBridge:
    :commit: f273d6cef9efbc750914385a34967c2fd21e0eb1
    :git: "git@github.com:p2p-org/key-app-kit-swift.git"
  KeyAppKitLogger:
    :commit: f273d6cef9efbc750914385a34967c2fd21e0eb1
    :git: "git@github.com:p2p-org/key-app-kit-swift.git"
  KeyAppUI:
    :commit: 7e1f0a8088b88c14aa4b1104e94d134c9a27b6a8
    :git: "git@github.com:p2p-org/KeyAppUI.git"
  ListPlaceholder:
    :commit: 78dd312eb762d66a54c87cd6dd8045140da28c4b
    :git: https://github.com/p2p-org/ListPlaceholder.git
  NameService:
    :commit: f273d6cef9efbc750914385a34967c2fd21e0eb1
    :git: "git@github.com:p2p-org/key-app-kit-swift.git"
  Onboarding:
    :commit: f273d6cef9efbc750914385a34967c2fd21e0eb1
    :git: "git@github.com:p2p-org/key-app-kit-swift.git"
  OrcaSwapSwift:
    :commit: 7877642f7d6fd3765eee0143c21f3f8a7b93fe13
    :git: https://github.com/p2p-org/OrcaSwapSwift.git
  RenVMSwift:
    :commit: dfd1ffd909c344dd92db94addf12591e392a9e38
    :git: https://github.com/p2p-org/RenVMSwift.git
  RxConcurrency:
    :commit: dadb16c54bd42ca83c08f3d80f61fbfca93a585c
    :git: https://github.com/TrGiLong/RxConcurrency.git
  Sentry:
    :git: https://github.com/getsentry/sentry-cocoa.git
    :tag: 7.18.1
  SolanaPricesAPIs:
    :commit: f273d6cef9efbc750914385a34967c2fd21e0eb1
    :git: "git@github.com:p2p-org/key-app-kit-swift.git"
  SolanaSwift:
    :commit: aeb3ec10d84bd8bd5441deb6abac5f829ccd9261
    :git: https://github.com/p2p-org/solana-swift.git
  TransactionParser:
    :commit: f273d6cef9efbc750914385a34967c2fd21e0eb1
    :git: "git@github.com:p2p-org/key-app-kit-swift.git"

SPEC CHECKSUMS:
  Action: 47f1825511907b4fcd79dd7a7db9526c20f78018
  Amplitude: c25a44ad72b84e684fcf67c478c1fb5c95e286a3
  AnalyticsManager: 8c141df84886ab377bab4e662b9ebe26c1ea8509
  AppAuth: 80317d99ac7ff2801a2f18ff86b48cd315ed465d
  BECollectionView: 43168463a4e95065f7856ac8d148e3eb1e77b808
  BECollectionView_Combine: f2f203853b4dfe83b5fd97998d6787857b641a12
  BECollectionView_Core: 439e92310adb5a8deab08cc7af508cc31ed6a4f6
  BEPureLayout: 970e31aa4fccf0f72ef2229b4e831ccdea33f026
  BlueCryptor: b0aee3d9b8f367b49b30de11cda90e1735571c24
  BlueECC: 0d18e93347d3ec6d41416de21c1ffa4d4cd3c2cc
  BlueRSA: dfeef51db96bcc4edec654956c1581adbda4e6a3
  Cache: 63a27b5fe1aa85d9587eb557ce828de39867b6f4
  Charts: d959d6723c8eedfdd0735dfc28cb0a71762ac4d9
  CocoaDebug: 61cf93ada6ce8f3407507dc01f9b874d91ac1d5c
  CombineCocoa: 68a050228ce7c53c1c5ac2c57cccf92a7f5c5085
  CountriesAPI: 26d03b67fb2fd4ff26111b71ed3d492a3babb592
  Down: b6ba1bc985c9d2f4e15e3b293d2207766fa12612
  FeeRelayerSwift: 1fee81a40cc11c147b534b1afd46b147480a88dc
  Firebase: ef75abb1cdbc746d5a38f4e26c422c807b189b8c
  FirebaseABTesting: d7383da017eff5dc4fccb40987fa76271fd1cdbf
  FirebaseAnalytics: bf46f5163f44097ce2c789de0b3e6f87f1da834a
  FirebaseCore: c088995ece701a021a48a1348ea0174877de2a6a
  FirebaseCoreDiagnostics: 060eb57cc56dfaf40b1b1b5874a5c17c41ce79f8
  FirebaseCoreInternal: 635d1c9a612a6502b6377a0c92af83758076ffff
  FirebaseCrashlytics: 65a5b349e664e986e6c7486b0a9b5ed8c11d0491
  FirebaseInstallations: 54b40022cb06e462740c9f2b9fbe38b5e78a825a
  FirebaseRemoteConfig: 0a644c924b3339bcf3bc3ea253206f171672308e
  GoogleAppMeasurement: b907bdad775b6975a8108762345b2cfbf1a93c37
  GoogleDataTransport: 1c8145da7117bd68bbbed00cf304edb6a24de00f
  GoogleSignIn: 3c68388ac221f379676e8f1cb115df3aaf73b93f
  GoogleUtilities: e0913149f6b0625b553d70dae12b49fc62914fd1
  GT3Captcha-iOS: 7ae08a5421c8e40463ec84ae807e82c19be3929a
  GTMAppAuth: 4d8f864896f3646f0c33baf38a28362f4c601e15
  GTMSessionFetcher: 5595ec75acf5be50814f81e9189490412bad82ba
  Intercom: 43bfacc55b1c93cce9ec569833696d3f15678430
  JazziconSwift: d1d6f81e5e460b94b2cd0a898dab66178aeab070
  JSBridge: 5a257c92ad65fb16b255480cb3b2b867cc6ee39c
  KeyAppKitLogger: 1db675b452a0faa4bd0097f5c88fcc635ed67205
  KeyAppUI: 44d731399756722979b31f7025aab7c35b673cec
  KeychainSwift: a06190cf933ad46b1e0abc3d77d29c06331715c7
  Kingfisher: cdb1189a9223b1bc028816bd47c8b8101a58831c
  KituraContracts: e845e60dc8627ad0a76fa55ef20a45451d8f830b
  ListPlaceholder: 2d7950014852ee5613d636cf14fd1bb93419e330
  LoggerAPI: ad9c4a6f1e32f518fdb43a1347ac14d765ab5e3d
  LoggerSwift: df24fc6290d4a9ccd3b5d87a2301504cd9f49b3d
  Logging: beeb016c9c80cf77042d62e83495816847ef108b
  NameService: a5f786e710230ae26ea899b5fd7b894c740b86db
  nanopb: b552cce312b6c8484180ef47159bc0f65a1f0431
  Onboarding: 847f0fac8a0b2413dd88b4a288ad8c36fa3f2c60
  OrcaSwapSwift: 8184e41e83f5349b38cc229532331064f8ed1fe8
  Periphery: a7aee85b5f5374a8bff3862342209b95d8e016b8
  PromisesObjC: ab77feca74fa2823e7af4249b8326368e61014cb
  PureLayout: 5fb5e5429519627d60d079ccb1eaa7265ce7cf88
  RenVMSwift: 9cfd6610adc9c74a6e761c615cd30a31129e79c6
  Resolver: 68984624572763018fd8ec7b8e3e8df0e3b6bba5
  RxAppState: 9c34f951d4ff8b9034f84016fe766202365bceb2
  RxCocoa: 94f817b71c07517321eb4f9ad299112ca8af743b
  RxConcurrency: fde98edd4056a8f13ff293689a25a17563e3e843
  RxGesture: f3efb47ed2d26a8082f7b660d4a59970e275a7f8
  RxRelay: 1de1523e604c72b6c68feadedd1af3b1b4d0ecbd
  RxSwift: 5710a9e6b17f3c3d6e40d6e559b9fa1e813b2ef8
  secp256k1.swift: a7e7a214f6db6ce5db32cc6b2b45e5c4dd633634
  Sentry: 2d70348d6247a29702a8317e710c5ba890672df5
  SkeletonView: 915a80ecc2b6421ab7ac0f0212321c0cc1406472
  SolanaPricesAPIs: 994fc864deab0dad370bc1509102f91d81324019
  SolanaSwift: 6ba5043ed04055eb874085d2f96499022ddcd6e8
  SubviewAttachingTextView: 4b6e2d07bc4200f1d030887ead5c705200d105d1
  SwiftAlgorithms: 38dda4731d19027fdeee1125f973111bf3386b53
  SwiftFormat: e40542bcf76fdaa006d0dc26a9ca8278ca028d76
  SwiftGen: a6d22010845f08fe18fbdf3a07a8e380fd22e0ea
  SwiftJWT: 88c412708f58c169d431d344c87bc79a87c830ae
  SwiftLint: 284cea64b6187c5d6bd83e9a548a64104d546447
  SwiftNotificationCenter: 760386da2ce03d3594cb5e96d1e22ec80b44b46f
  SwiftyUserDefaults: 63f80248cf5bfb3458825d9a78f2eb7e1293a040
  TagListView: a1c236d17960a0cf64156725a76ce6d73ebce2be
  Task_retrying: 9e19177e42b162d1d54317f9cfcbabc01d057c38
  TransactionParser: 3004420d52e7b1277dbcfd20b995a5de707705f3
  TweetNacl: 3abf4d1d2082b0114e7a67410e300892448951e6
  "UITextView+Placeholder": d7b0c400921f66523f3a85d74f774512e14f6502

PODFILE CHECKSUM: 05b263a5f4a2e5ebbf4c4b6c50670f5e77983e35

COCOAPODS: 1.11.3
